<?xml version="1.0" encoding="utf-8"?>
<Project ToolsVersion="4.0" xmlns="http://schemas.microsoft.com/developer/msbuild/2003">
  <ItemGroup>
    <ClCompile Include="main.cpp" />
    <ClCompile Include="StudentScoreManageSys.cpp">
      <Filter>Source Files</Filter>
    </ClCompile>
    <ClCompile Include="LoginMenu.cpp">
      <Filter>Source Files</Filter>
    </ClCompile>
    <ClCompile Include="SysMainMenu.cpp">
      <Filter>Source Files</Filter>
    </ClCompile>
    <ClCompile Include="RegAccMenu.cpp">
      <Filter>Source Files</Filter>
    </ClCompile>
    <ClCompile Include="StudentListMenu.cpp">
      <Filter>Source Files</Filter>
    </ClCompile>
    <ClCompile Include="ScoreListMenu.cpp">
      <Filter>Source Files</Filter>
    </ClCompile>
    <ClCompile Include="ScoreInWindow.cpp">
      <Filter>Source Files</Filter>
    </ClCompile>
    <ClCompile Include="IsScoreInWindow.cpp">
      <Filter>Source Files</Filter>
    </ClCompile>
    <ClCompile Include="IsContinue.cpp">
      <Filter>Source Files</Filter>
    </ClCompile>
    <ClCompile Include="ScoreDeleteWindow.cpp">
      <Filter>Source Files</Filter>
    </ClCompile>
    <ClCompile Include="GroupERRWindow.cpp">
      <Filter>Source Files</Filter>
    </ClCompile>
    <ClCompile Include="ScoreSearchWindow.cpp">
      <Filter>Source Files</Filter>
    </ClCompile>
  </ItemGroup>
  <ItemGroup>
    <Filter Include="Resource Files">
      <UniqueIdentifier>{D9D6E242-F8AF-46E4-B9FD-80ECBC20BA3E}</UniqueIdentifier>
      <Extensions>qrc;*</Extensions>
      <ParseFiles>false</ParseFiles>
    </Filter>
    <Filter Include="Source Files">
      <UniqueIdentifier>{4FC737F1-C7A5-4376-A066-2A32D752A2FF}</UniqueIdentifier>
      <Extensions>cpp;c;cc;cxx;def;odl;idl;hpj;bat;asm;asmx</Extensions>
      <ParseFiles>true</ParseFiles>
    </Filter>
    <Filter Include="Header Files">
      <UniqueIdentifier>{93995380-89BD-4b04-88EB-625FBE52EBFB}</UniqueIdentifier>
      <Extensions>h;hh;hpp;hxx;hm;inl;inc;xsd</Extensions>
      <ParseFiles>true</ParseFiles>
    </Filter>
    <Filter Include="Form Files">
      <UniqueIdentifier>{99349809-55BA-4b9d-BF79-8FDBB0286EB3}</UniqueIdentifier>
      <Extensions>ui</Extensions>
      <ParseFiles>true</ParseFiles>
    </Filter>
  </ItemGroup>
  <ItemGroup>
    <QtMoc Include="StudentScoreManageSys.h">
      <Filter>Header Files</Filter>
    </QtMoc>
    <QtMoc Include="LoginMenu.h">
      <Filter>Header Files</Filter>
    </QtMoc>
    <QtMoc Include="SysMainMenu.h">
      <Filter>Header Files</Filter>
    </QtMoc>
    <QtMoc Include="RegAccMenu.h">
      <Filter>Header Files</Filter>
    </QtMoc>
    <QtMoc Include="StudentListMenu.h">
      <Filter>Header Files</Filter>
    </QtMoc>
    <QtMoc Include="ScoreListMenu.h">
      <Filter>Header Files</Filter>
    </QtMoc>
    <QtMoc Include="ScoreInWindow.h">
      <Filter>Header Files</Filter>
    </QtMoc>
    <QtMoc Include="IsScoreInWindow.h">
      <Filter>Header Files</Filter>
    </QtMoc>
    <QtMoc Include="IsContinue.h">
      <Filter>Header Files</Filter>
    </QtMoc>
    <QtMoc Include="ScoreDeleteWindow.h">
      <Filter>Header Files</Filter>
    </QtMoc>
    <QtMoc Include="GroupERRWindow.h">
      <Filter>Header Files</Filter>
    </QtMoc>
    <QtMoc Include="ScoreSearchWindow.h">
      <Filter>Header Files</Filter>
    </QtMoc>
  </ItemGroup>
  <ItemGroup>
    <QtUic Include="StudentScoreManageSys.ui">
      <Filter>Form Files</Filter>
    </QtUic>
    <QtUic Include="LoginMenu.ui">
      <Filter>Form Files</Filter>
    </QtUic>
    <QtUic Include="SysMainMenu.ui">
      <Filter>Form Files</Filter>
    </QtUic>
    <QtUic Include="RegAccMenu.ui">
      <Filter>Form Files</Filter>
    </QtUic>
    <QtUic Include="StudentListMenu.ui">
      <Filter>Form Files</Filter>
    </QtUic>
    <QtUic Include="ScoreListMenu.ui">
      <Filter>Form Files</Filter>
    </QtUic>
    <QtUic Include="ScoreInWindow.ui">
      <Filter>Form Files</Filter>
    </QtUic>
    <QtUic Include="IsScoreInWindow.ui">
      <Filter>Form Files</Filter>
    </QtUic>
    <QtUic Include="IsContinue.ui">
      <Filter>Form Files</Filter>
    </QtUic>
    <QtUic Include="ScoreDeleteWindow.ui">
      <Filter>Form Files</Filter>
    </QtUic>
    <QtUic Include="GroupERRWindow.ui">
      <Filter>Form Files</Filter>
    </QtUic>
    <QtUic Include="ScoreSearchWindow.ui">
      <Filter>Form Files</Filter>
    </QtUic>
  </ItemGroup>
  <ItemGroup>
    <QtRcc Include="StudentScoreManageSys.qrc">
      <Filter>Resource Files</Filter>
    </QtRcc>
  </ItemGroup>
  <ItemGroup>
    <ClInclude Include="ui_SysMainMenu.h">
      <Filter>Header Files</Filter>
    </ClInclude>
  </ItemGroup>
</Project>